
Microsoft Visual Studio Solution File, Format Version 12.00
# Visual Studio 15
VisualStudioVersion = 15.0.27130.2026
MinimumVisualStudioVersion = 10.0.40219.1
Project("{E24C65DC-7377-472B-9ABA-BC803B73C61A}") = "MethodsjQueryUdemy", "MethodsjQueryUdemy\", "{3C86DECB-53CD-4CA0-8AB4-5D845A79A4DC}"
	ProjectSection(WebsiteProperties) = preProject
		TargetFrameworkMoniker = ".NETFramework,Version%3Dv4.6.1"
		Debug.AspNetCompiler.VirtualPath = "/localhost_52836"
		Debug.AspNetCompiler.PhysicalPath = "MethodsjQueryUdemy\"
		Debug.AspNetCompiler.TargetPath = "PrecompiledWeb\localhost_52836\"
		Debug.AspNetCompiler.Updateable = "true"
		Debug.AspNetCompiler.ForceOverwrite = "true"
		Debug.AspNetCompiler.FixedNames = "false"
		Debug.AspNetCompiler.Debug = "True"
		Release.AspNetCompiler.VirtualPath = "/localhost_52836"
		Release.AspNetCompiler.PhysicalPath = "MethodsjQueryUdemy\"
		Release.AspNetCompiler.TargetPath = "PrecompiledWeb\localhost_52836\"
		Release.AspNetCompiler.Updateable = "true"
		Release.AspNetCompiler.ForceOverwrite = "true"
		Release.AspNetCompiler.FixedNames = "false"
		Release.AspNetCompiler.Debug = "False"
		VWDPort = "52836"
		SlnRelativePath = "MethodsjQueryUdemy\"
		DefaultWebSiteLanguage = "Visual C#"
	EndProjectSection
EndProject
Global
	GlobalSection(SolutionConfigurationPlatforms) = preSolution
		Debug|Any CPU = Debug|Any CPU
	EndGlobalSection
	GlobalSection(ProjectConfigurationPlatforms) = postSolution
		{3C86DECB-53CD-4CA0-8AB4-5D845A79A4DC}.Debug|Any CPU.ActiveCfg = Debug|Any CPU
		{3C86DECB-53CD-4CA0-8AB4-5D845A79A4DC}.Debug|Any CPU.Build.0 = Debug|Any CPU
	EndGlobalSection
	GlobalSection(SolutionProperties) = preSolution
		HideSolutionNode = FALSE
	EndGlobalSection
	GlobalSection(ExtensibilityGlobals) = postSolution
		SolutionGuid = {2BD19EBA-DF70-45C0-8F95-974FAACE8EAA}
	EndGlobalSection
EndGlobal
